
Microsoft Visual Studio Solution File, Format Version 12.00
# Visual Studio Version 17
VisualStudioVersion = 17.14.36212.18 d17.14
MinimumVisualStudioVersion = 10.0.40219.1
Project("{FAE04EC0-301F-11D3-BF4B-00C04F79EFBC}") = "FetchDataNet", "FetchDataNet\FetchDataNet.csproj", "{9EBD06A6-AAE4-4A0C-94CB-8CAAB5031F0C}"
EndProject
Global
	GlobalSection(SolutionConfigurationPlatforms) = preSolution
		Debug|Any CPU = Debug|Any CPU
		Release|Any CPU = Release|Any CPU
	EndGlobalSection
	GlobalSection(ProjectConfigurationPlatforms) = postSolution
		{9EBD06A6-AAE4-4A0C-94CB-8CAAB5031F0C}.Debug|Any CPU.ActiveCfg = Debug|Any CPU
		{9EBD06A6-AAE4-4A0C-94CB-8CAAB5031F0C}.Debug|Any CPU.Build.0 = Debug|Any CPU
		{9EBD06A6-AAE4-4A0C-94CB-8CAAB5031F0C}.Release|Any CPU.ActiveCfg = Release|Any CPU
		{9EBD06A6-AAE4-4A0C-94CB-8CAAB5031F0C}.Release|Any CPU.Build.0 = Release|Any CPU
	EndGlobalSection
	GlobalSection(SolutionProperties) = preSolution
		HideSolutionNode = FALSE
	EndGlobalSection
	GlobalSection(ExtensibilityGlobals) = postSolution
		SolutionGuid = {2AF11027-38C2-4671-8B1F-022C826927B2}
	EndGlobalSection
EndGlobal
